// !$*UTF8*$!
{
	archiveVersion = 1;
	classes = {
	};
	objectVersion = 46;
	objects = {

/* Begin PBXBuildFile section */
		33653DA11AC762B500EA83FD /* main.m in Sources */ = {isa = PBXBuildFile; fileRef = 33653DA01AC762B500EA83FD /* main.m */; };
		33653DA41AC762B500EA83FD /* AppDelegate.m in Sources */ = {isa = PBXBuildFile; fileRef = 33653DA31AC762B500EA83FD /* AppDelegate.m */; };
		33653DA71AC762B500EA83FD /* ViewController.m in Sources */ = {isa = PBXBuildFile; fileRef = 33653DA61AC762B500EA83FD /* ViewController.m */; };
		33653DAA1AC762B500EA83FD /* Main.storyboard in Resources */ = {isa = PBXBuildFile; fileRef = 33653DA81AC762B500EA83FD /* Main.storyboard */; };
		33653DAC1AC762B500EA83FD /* Images.xcassets in Resources */ = {isa = PBXBuildFile; fileRef = 33653DAB1AC762B500EA83FD /* Images.xcassets */; };
		33653DAF1AC762B500EA83FD /* LaunchScreen.xib in Resources */ = {isa = PBXBuildFile; fileRef = 33653DAD1AC762B500EA83FD /* LaunchScreen.xib */; };
		33653DBB1AC762B500EA83FD /* TodoTests.m in Sources */ = {isa = PBXBuildFile; fileRef = 33653DBA1AC762B500EA83FD /* TodoTests.m */; };
/* End PBXBuildFile section */

/* Begin PBXContainerItemProxy section */
		33653DB51AC762B500EA83FD /* PBXContainerItemProxy */ = {
			isa = PBXContainerItemProxy;
			containerPortal = 33653D931AC762B500EA83FD /* Project object */;
			proxyType = 1;
			remoteGlobalIDString = 33653D9A1AC762B500EA83FD;
			remoteInfo = Todo;
		};
/* End PBXContainerItemProxy section */

/* Begin PBXFileReference section */
		33653D9B1AC762B500EA83FD /* Todo.app */ = {isa = PBXFileReference; explicitFileType = wrapper.application; includeInIndex = 0; path = Todo.app; sourceTree = BUILT_PRODUCTS_DIR; };
		33653D9F1AC762B500EA83FD /* Info.plist */ = {isa = PBXFileReference; lastKnownFileType = text.plist.xml; path = Info.plist; sourceTree = "<group>"; };
		33653DA01AC762B500EA83FD /* main.m */ = {isa = PBXFileReference; lastKnownFileType = sourcecode.c.objc; path = main.m; sourceTree = "<group>"; };
		33653DA21AC762B500EA83FD /* AppDelegate.h */ = {isa = PBXFileReference; lastKnownFileType = sourcecode.c.h; path = AppDelegate.h; sourceTree = "<group>"; };
		33653DA31AC762B500EA83FD /* AppDelegate.m */ = {isa = PBXFileReference; lastKnownFileType = sourcecode.c.objc; path = AppDelegate.m; sourceTree = "<group>"; };
		33653DA51AC762B500EA83FD /* ViewController.h */ = {isa = PBXFileReference; lastKnownFileType = sourcecode.c.h; path = ViewController.h; sourceTree = "<group>"; };
		33653DA61AC762B500EA83FD /* ViewController.m */ = {isa = PBXFileReference; lastKnownFileType = sourcecode.c.objc; path = ViewController.m; sourceTree = "<group>"; };
		33653DA91AC762B500EA83FD /* Base */ = {isa = PBXFileReference; lastKnownFileType = file.storyboard; name = Base; path = Base.lproj/Main.storyboard; sourceTree = "<group>"; };
		33653DAB1AC762B500EA83FD /* Images.xcassets */ = {isa = PBXFileReference; lastKnownFileType = folder.assetcatalog; path = Images.xcassets; sourceTree = "<group>"; };
		33653DAE1AC762B500EA83FD /* Base */ = {isa = PBXFileReference; lastKnownFileType = file.xib; name = Base; path = Base.lproj/LaunchScreen.xib; sourceTree = "<group>"; };
		33653DB41AC762B500EA83FD /* TodoTests.xctest */ = {isa = PBXFileReference; explicitFileType = wrapper.cfbundle; includeInIndex = 0; path = TodoTests.xctest; sourceTree = BUILT_PRODUCTS_DIR; };
		33653DB91AC762B500EA83FD /* Info.plist */ = {isa = PBXFileReference; lastKnownFileType = text.plist.xml; path = Info.plist; sourceTree = "<group>"; };
		33653DBA1AC762B500EA83FD /* TodoTests.m */ = {isa = PBXFileReference; lastKnownFileType = sourcecode.c.objc; path = TodoTests.m; sourceTree = "<group>"; };
/* End PBXFileReference section */

/* Begin PBXFrameworksBuildPhase section */
		33653D981AC762B500EA83FD /* Frameworks */ = {
			isa = PBXFrameworksBuildPhase;
			buildActionMask = 2147483647;
			files = (
			);
			runOnlyForDeploymentPostprocessing = 0;
		};
		33653DB11AC762B500EA83FD /* Frameworks */ = {
			isa = PBXFrameworksBuildPhase;
			buildActionMask = 2147483647;
			files = (
			);
			runOnlyForDeploymentPostprocessing = 0;
		};
/* End PBXFrameworksBuildPhase section */

/* Begin PBXGroup section */
		33653D921AC762B500EA83FD = {
			isa = PBXGroup;
			children = (
				33653D9D1AC762B500EA83FD /* Todo */,
				33653DB71AC762B500EA83FD /* TodoTests */,
				33653D9C1AC762B500EA83FD /* Products */,
			);
			sourceTree = "<group>";
		};
		33653D9C1AC762B500EA83FD /* Products */ = {
			isa = PBXGroup;
			children = (
				33653D9B1AC762B500EA83FD /* Todo.app */,
				33653DB41AC762B500EA83FD /* TodoTests.xctest */,
			);
			name = Products;
			sourceTree = "<group>";
		};
		33653D9D1AC762B500EA83FD /* Todo */ = {
			isa = PBXGroup;
			children = (
				33653DA21AC762B500EA83FD /* AppDelegate.h */,
				33653DA31AC762B500EA83FD /* AppDelegate.m */,
				33653DA51AC762B500EA83FD /* ViewController.h */,
				33653DA61AC762B500EA83FD /* ViewController.m */,
				33653DA81AC762B500EA83FD /* Main.storyboard */,
				33653DAB1AC762B500EA83FD /* Images.xcassets */,
				33653DAD1AC762B500EA83FD /* LaunchScreen.xib */,
				33653D9E1AC762B500EA83FD /* Supporting Files */,
			);
			path = Todo;
			sourceTree = "<group>";
		};
		33653D9E1AC762B500EA83FD /* Supporting Files */ = {
			isa = PBXGroup;
			children = (
				33653D9F1AC762B500EA83FD /* Info.plist */,
				33653DA01AC762B500EA83FD /* main.m */,
			);
			name = "Supporting Files";
			sourceTree = "<group>";
		};
		33653DB71AC762B500EA83FD /* TodoTests */ = {
			isa = PBXGroup;
			children = (
				33653DBA1AC762B500EA83FD /* TodoTests.m */,
				33653DB81AC762B500EA83FD /* Supporting Files */,
			);
			path = TodoTests;
			sourceTree = "<group>";
		};
		33653DB81AC762B500EA83FD /* Supporting Files */ = {
			isa = PBXGroup;
			children = (
				33653DB91AC762B500EA83FD /* Info.plist */,
			);
			name = "Supporting Files";
			sourceTree = "<group>";
		};
/* End PBXGroup section */

/* Begin PBXNativeTarget section */
		33653D9A1AC762B500EA83FD /* Todo */ = {
			isa = PBXNativeTarget;
			buildConfigurationList = 33653DBE1AC762B500EA83FD /* Build configuration list for PBXNativeTarget "Todo" */;
			buildPhases = (
				33653D971AC762B500EA83FD /* Sources */,
				33653D981AC762B500EA83FD /* Frameworks */,
				33653D991AC762B500EA83FD /* Resources */,
			);
			buildRules = (
			);
			dependencies = (
			);
			name = Todo;
			productName = Todo;
			productReference = 33653D9B1AC762B500EA83FD /* Todo.app */;
			productType = "com.apple.product-type.application";
		};
		33653DB31AC762B500EA83FD /* TodoTests */ = {
			isa = PBXNativeTarget;
			buildConfigurationList = 33653DC11AC762B500EA83FD /* Build configuration list for PBXNativeTarget "TodoTests" */;
			buildPhases = (
				33653DB01AC762B500EA83FD /* Sources */,
				33653DB11AC762B500EA83FD /* Frameworks */,
				33653DB21AC762B500EA83FD /* Resources */,
			);
			buildRules = (
			);
			dependencies = (
				33653DB61AC762B500EA83FD /* PBXTargetDependency */,
			);
			name = TodoTests;
			productName = TodoTests;
			productReference = 33653DB41AC762B500EA83FD /* TodoTests.xctest */;
			productType = "com.apple.product-type.bundle.unit-test";
		};
/* End PBXNativeTarget section */

/* Begin PBXProject section */
		33653D931AC762B500EA83FD /* Project object */ = {
			isa = PBXProject;
			attributes = {
				LastUpgradeCheck = 0620;
				ORGANIZATIONNAME = "Han Wang";
				TargetAttributes = {
					33653D9A1AC762B500EA83FD = {
						CreatedOnToolsVersion = 6.2;
					};
					33653DB31AC762B500EA83FD = {
						CreatedOnToolsVersion = 6.2;
						TestTargetID = 33653D9A1AC762B500EA83FD;
					};
				};
			};
			buildConfigurationList = 33653D961AC762B500EA83FD /* Build configuration list for PBXProject "Todo" */;
			compatibilityVersion = "Xcode 3.2";
			developmentRegion = English;
			hasScannedForEncodings = 0;
			knownRegions = (
				en,
				Base,
			);
			mainGroup = 33653D921AC762B500EA83FD;
			productRefGroup = 33653D9C1AC762B500EA83FD /* Products */;
			projectDirPath = "";
			projectRoot = "";
			targets = (
				33653D9A1AC762B500EA83FD /* Todo */,
				33653DB31AC762B500EA83FD /* TodoTests */,
			);
		};
/* End PBXProject section */

/* Begin PBXResourcesBuildPhase section */
		33653D991AC762B500EA83FD /* Resources */ = {
			isa = PBXResourcesBuildPhase;
			buildActionMask = 2147483647;
			files = (
				33653DAA1AC762B500EA83FD /* Main.storyboard in Resources */,
				33653DAF1AC762B500EA83FD /* LaunchScreen.xib in Resources */,
				33653DAC1AC762B500EA83FD /* Images.xcassets in Resources */,
			);
			runOnlyForDeploymentPostprocessing = 0;
		};
		33653DB21AC762B500EA83FD /* Resources */ = {
			isa = PBXResourcesBuildPhase;
			buildActionMask = 2147483647;
			files = (
			);
			runOnlyForDeploymentPostprocessing = 0;
		};
/* End PBXResourcesBuildPhase section */

/* Begin PBXSourcesBuildPhase section */
		33653D971AC762B500EA83FD /* Sources */ = {
			isa = PBXSourcesBuildPhase;
			buildActionMask = 2147483647;
			files = (
				33653DA71AC762B500EA83FD /* ViewController.m in Sources */,
				33653DA41AC762B500EA83FD /* AppDelegate.m in Sources */,
				33653DA11AC762B500EA83FD /* main.m in Sources */,
			);
			runOnlyForDeploymentPostprocessing = 0;
		};
		33653DB01AC762B500EA83FD /* Sources */ = {
			isa = PBXSourcesBuildPhase;
			buildActionMask = 2147483647;
			files = (
				33653DBB1AC762B500EA83FD /* TodoTests.m in Sources */,
			);
			runOnlyForDeploymentPostprocessing = 0;
		};
/* End PBXSourcesBuildPhase section */

/* Begin PBXTargetDependency section */
		33653DB61AC762B500EA83FD /* PBXTargetDependency */ = {
			isa = PBXTargetDependency;
			target = 33653D9A1AC762B500EA83FD /* Todo */;
			targetProxy = 33653DB51AC762B500EA83FD /* PBXContainerItemProxy */;
		};
/* End PBXTargetDependency section */

/* Begin PBXVariantGroup section */
		33653DA81AC762B500EA83FD /* Main.storyboard */ = {
			isa = PBXVariantGroup;
			children = (
				33653DA91AC762B500EA83FD /* Base */,
			);
			name = Main.storyboard;
			sourceTree = "<group>";
		};
		33653DAD1AC762B500EA83FD /* LaunchScreen.xib */ = {
			isa = PBXVariantGroup;
			children = (
				33653DAE1AC762B500EA83FD /* Base */,
			);
			name = LaunchScreen.xib;
			sourceTree = "<group>";
		};
/* End PBXVariantGroup section */

/* Begin XCBuildConfiguration section */
		33653DBC1AC762B500EA83FD /* Debug */ = {
			isa = XCBuildConfiguration;
			buildSettings = {
				ALWAYS_SEARCH_USER_PATHS = NO;
				CLANG_CXX_LANGUAGE_STANDARD = "gnu++0x";
				CLANG_CXX_LIBRARY = "libc++";
				CLANG_ENABLE_MODULES = YES;
				CLANG_ENABLE_OBJC_ARC = YES;
				CLANG_WARN_BOOL_CONVERSION = YES;
				CLANG_WARN_CONSTANT_CONVERSION = YES;
				CLANG_WARN_DIRECT_OBJC_ISA_USAGE = YES_ERROR;
				CLANG_WARN_EMPTY_BODY = YES;
				CLANG_WARN_ENUM_CONVERSION = YES;
				CLANG_WARN_INT_CONVERSION = YES;
				CLANG_WARN_OBJC_ROOT_CLASS = YES_ERROR;
				CLANG_WARN_UNREACHABLE_CODE = YES;
				CLANG_WARN__DUPLICATE_METHOD_MATCH = YES;
				"CODE_SIGN_IDENTITY[sdk=iphoneos*]" = "iPhone Developer";
				COPY_PHASE_STRIP = NO;
				ENABLE_STRICT_OBJC_MSGSEND = YES;
				GCC_C_LANGUAGE_STANDARD = gnu99;
				GCC_DYNAMIC_NO_PIC = NO;
				GCC_OPTIMIZATION_LEVEL = 0;
				GCC_PREPROCESSOR_DEFINITIONS = (
					"DEBUG=1",
					"$(inherited)",
				);
				GCC_SYMBOLS_PRIVATE_EXTERN = NO;
				GCC_WARN_64_TO_32_BIT_CONVERSION = YES;
				GCC_WARN_ABOUT_RETURN_TYPE = YES_ERROR;
				GCC_WARN_UNDECLARED_SELECTOR = YES;
				GCC_WARN_UNINITIALIZED_AUTOS = YES_AGGRESSIVE;
				GCC_WARN_UNUSED_FUNCTION = YES;
				GCC_WARN_UNUSED_VARIABLE = YES;
				IPHONEOS_DEPLOYMENT_TARGET = 8.2;
				MTL_ENABLE_DEBUG_INFO = YES;
				ONLY_ACTIVE_ARCH = YES;
				SDKROOT = iphoneos;
			};
			name = Debug;
		};
		33653DBD1AC762B500EA83FD /* Release */ = {
			isa = XCBuildConfiguration;
			buildSettings = {
				ALWAYS_SEARCH_USER_PATHS = NO;
				CLANG_CXX_LANGUAGE_STANDARD = "gnu++0x";
				CLANG_CXX_LIBRARY = "libc++";
				CLANG_ENABLE_MODULES = YES;
				CLANG_ENABLE_OBJC_ARC = YES;
				CLANG_WARN_BOOL_CONVERSION = YES;
				CLANG_WARN_CONSTANT_CONVERSION = YES;
				CLANG_WARN_DIRECT_OBJC_ISA_USAGE = YES_ERROR;
				CLANG_WARN_EMPTY_BODY = YES;
				CLANG_WARN_ENUM_CONVERSION = YES;
				CLANG_WARN_INT_CONVERSION = YES;
				CLANG_WARN_OBJC_ROOT_CLASS = YES_ERROR;
				CLANG_WARN_UNREACHABLE_CODE = YES;
				CLANG_WARN__DUPLICATE_METHOD_MATCH = YES;
				"CODE_SIGN_IDENTITY[sdk=iphoneos*]" = "iPhone Developer";
				COPY_PHASE_STRIP = NO;
				ENABLE_NS_ASSERTIONS = NO;
				ENABLE_STRICT_OBJC_MSGSEND = YES;
				GCC_C_LANGUAGE_STANDARD = gnu99;
				GCC_WARN_64_TO_32_BIT_CONVERSION = YES;
				GCC_WARN_ABOUT_RETURN_TYPE = YES_ERROR;
				GCC_WARN_UNDECLARED_SELECTOR = YES;
				GCC_WARN_UNINITIALIZED_AUTOS = YES_AGGRESSIVE;
				GCC_WARN_UNUSED_FUNCTION = YES;
				GCC_WARN_UNUSED_VARIABLE = YES;
				IPHONEOS_DEPLOYMENT_TARGET = 8.2;
				MTL_ENABLE_DEBUG_INFO = NO;
				SDKROOT = iphoneos;
				VALIDATE_PRODUCT = YES;
			};
			name = Release;
		};
		33653DBF1AC762B500EA83FD /* Debug */ = {
			isa = XCBuildConfiguration;
			buildSettings = {
				ASSETCATALOG_COMPILER_APPICON_NAME = AppIcon;
				INFOPLIST_FILE = Todo/Info.plist;
				LD_RUNPATH_SEARCH_PATHS = "$(inherited) @executable_path/Frameworks";
				PRODUCT_NAME = "$(TARGET_NAME)";
			};
			name = Debug;
		};
		33653DC01AC762B500EA83FD /* Release */ = {
			isa = XCBuildConfiguration;
			buildSettings = {
				ASSETCATALOG_COMPILER_APPICON_NAME = AppIcon;
				INFOPLIST_FILE = Todo/Info.plist;
				LD_RUNPATH_SEARCH_PATHS = "$(inherited) @executable_path/Frameworks";
				PRODUCT_NAME = "$(TARGET_NAME)";
			};
			name = Release;
		};
		33653DC21AC762B500EA83FD /* Debug */ = {
			isa = XCBuildConfiguration;
			buildSettings = {
				BUNDLE_LOADER = "$(TEST_HOST)";
				FRAMEWORK_SEARCH_PATHS = (
					"$(SDKROOT)/Developer/Library/Frameworks",
					"$(inherited)",
				);
				GCC_PREPROCESSOR_DEFINITIONS = (
					"DEBUG=1",
					"$(inherited)",
				);
				INFOPLIST_FILE = TodoTests/Info.plist;
				LD_RUNPATH_SEARCH_PATHS = "$(inherited) @executable_path/Frameworks @loader_path/Frameworks";
				PRODUCT_NAME = "$(TARGET_NAME)";
				TEST_HOST = "$(BUILT_PRODUCTS_DIR)/Todo.app/Todo";
			};
			name = Debug;
		};
		33653DC31AC762B500EA83FD /* Release */ = {
			isa = XCBuildConfiguration;
			buildSettings = {
				BUNDLE_LOADER = "$(TEST_HOST)";
				FRAMEWORK_SEARCH_PATHS = (
					"$(SDKROOT)/Developer/Library/Frameworks",
					"$(inherited)",
				);
				INFOPLIST_FILE = TodoTests/Info.plist;
				LD_RUNPATH_SEARCH_PATHS = "$(inherited) @executable_path/Frameworks @loader_path/Frameworks";
				PRODUCT_NAME = "$(TARGET_NAME)";
				TEST_HOST = "$(BUILT_PRODUCTS_DIR)/Todo.app/Todo";
			};
			name = Release;
		};
/* End XCBuildConfiguration section */

/* Begin XCConfigurationList section */
		33653D961AC762B500EA83FD /* Build configuration list for PBXProject "Todo" */ = {
			isa = XCConfigurationList;
			buildConfigurations = (
				33653DBC1AC762B500EA83FD /* Debug */,
				33653DBD1AC762B500EA83FD /* Release */,
			);
			defaultConfigurationIsVisible = 0;
			defaultConfigurationName = Release;
		};
		33653DBE1AC762B500EA83FD /* Build configuration list for PBXNativeTarget "Todo" */ = {
			isa = XCConfigurationList;
			buildConfigurations = (
				33653DBF1AC762B500EA83FD /* Debug */,
				33653DC01AC762B500EA83FD /* Release */,
			);
			defaultConfigurationIsVisible = 0;
		};
		33653DC11AC762B500EA83FD /* Build configuration list for PBXNativeTarget "TodoTests" */ = {
			isa = XCConfigurationList;
			buildConfigurations = (
				33653DC21AC762B500EA83FD /* Debug */,
				33653DC31AC762B500EA83FD /* Release */,
			);
			defaultConfigurationIsVisible = 0;
		};
/* End XCConfigurationList section */
	};
	rootObject = 33653D931AC762B500EA83FD /* Project object */;
}
